// !$*UTF8*$!
{
	archiveVersion = 1;
	classes = {
	};
	objectVersion = 77;
	objects = {

/* Begin PBXContainerItemProxy section */
		9B7EC8B42EB6312F00BE1B9C /* PBXContainerItemProxy */ = {
			isa = PBXContainerItemProxy;
			containerPortal = 9B7EC89E2EB6312D00BE1B9C /* Project object */;
			proxyType = 1;
			remoteGlobalIDString = 9B7EC8A52EB6312D00BE1B9C;
			remoteInfo = SwingCoach;
		};
		9B7EC8BE2EB6312F00BE1B9C /* PBXContainerItemProxy */ = {
			isa = PBXContainerItemProxy;
			containerPortal = 9B7EC89E2EB6312D00BE1B9C /* Project object */;
			proxyType = 1;
			remoteGlobalIDString = 9B7EC8A52EB6312D00BE1B9C;
			remoteInfo = SwingCoach;
		};
/* End PBXContainerItemProxy section */

/* Begin PBXFileReference section */
		9B7EC8A62EB6312D00BE1B9C /* SwingCoach.app */ = {isa = PBXFileReference; explicitFileType = wrapper.application; includeInIndex = 0; path = SwingCoach.app; sourceTree = BUILT_PRODUCTS_DIR; };
		9B7EC8B32EB6312F00BE1B9C /* SwingCoachTests.xctest */ = {isa = PBXFileReference; explicitFileType = wrapper.cfbundle; includeInIndex = 0; path = SwingCoachTests.xctest; sourceTree = BUILT_PRODUCTS_DIR; };
		9B7EC8BD2EB6312F00BE1B9C /* SwingCoachUITests.xctest */ = {isa = PBXFileReference; explicitFileType = wrapper.cfbundle; includeInIndex = 0; path = SwingCoachUITests.xctest; sourceTree = BUILT_PRODUCTS_DIR; };
/* End PBXFileReference section */

/* Begin PBXFileSystemSynchronizedRootGroup section */
		9B7EC8A82EB6312D00BE1B9C /* SwingCoach */ = {
			isa = PBXFileSystemSynchronizedRootGroup;
			path = SwingCoach;
			sourceTree = "<group>";
		};
		9B7EC8B62EB6312F00BE1B9C /* SwingCoachTests */ = {
			isa = PBXFileSystemSynchronizedRootGroup;
			path = SwingCoachTests;
			sourceTree = "<group>";
		};
		9B7EC8C02EB6312F00BE1B9C /* SwingCoachUITests */ = {
			isa = PBXFileSystemSynchronizedRootGroup;
			path = SwingCoachUITests;
			sourceTree = "<group>";
		};
/* End PBXFileSystemSynchronizedRootGroup section */

/* Begin PBXFrameworksBuildPhase section */
		9B7EC8A32EB6312D00BE1B9C /* Frameworks */ = {
			isa = PBXFrameworksBuildPhase;
			buildActionMask = 2147483647;
			files = (
			);
			runOnlyForDeploymentPostprocessing = 0;
		};
		9B7EC8B02EB6312F00BE1B9C /* Frameworks */ = {
			isa = PBXFrameworksBuildPhase;
			buildActionMask = 2147483647;
			files = (
			);
			runOnlyForDeploymentPostprocessing = 0;
		};
		9B7EC8BA2EB6312F00BE1B9C /* Frameworks */ = {
			isa = PBXFrameworksBuildPhase;
			buildActionMask = 2147483647;
			files = (
			);
			runOnlyForDeploymentPostprocessing = 0;
		};
/* End PBXFrameworksBuildPhase section */

/* Begin PBXGroup section */
		9B7EC89D2EB6312D00BE1B9C = {
			isa = PBXGroup;
			children = (
				9B7EC8A82EB6312D00BE1B9C /* SwingCoach */,
				9B7EC8B62EB6312F00BE1B9C /* SwingCoachTests */,
				9B7EC8C02EB6312F00BE1B9C /* SwingCoachUITests */,
				9B7EC8A72EB6312D00BE1B9C /* Products */,
			);
			sourceTree = "<group>";
		};
		9B7EC8A72EB6312D00BE1B9C /* Products */ = {
			isa = PBXGroup;
			children = (
				9B7EC8A62EB6312D00BE1B9C /* SwingCoach.app */,
				9B7EC8B32EB6312F00BE1B9C /* SwingCoachTests.xctest */,
				9B7EC8BD2EB6312F00BE1B9C /* SwingCoachUITests.xctest */,
			);
			name = Products;
			sourceTree = "<group>";
		};
/* End PBXGroup section */

/* Begin PBXNativeTarget section */
		9B7EC8A52EB6312D00BE1B9C /* SwingCoach */ = {
			isa = PBXNativeTarget;
			buildConfigurationList = 9B7EC8C72EB6312F00BE1B9C /* Build configuration list for PBXNativeTarget "SwingCoach" */;
			buildPhases = (
				9B7EC8A22EB6312D00BE1B9C /* Sources */,
				9B7EC8A32EB6312D00BE1B9C /* Frameworks */,
				9B7EC8A42EB6312D00BE1B9C /* Resources */,
			);
			buildRules = (
			);
			dependencies = (
			);
			fileSystemSynchronizedGroups = (
				9B7EC8A82EB6312D00BE1B9C /* SwingCoach */,
			);
			name = SwingCoach;
			packageProductDependencies = (
			);
			productName = SwingCoach;
			productReference = 9B7EC8A62EB6312D00BE1B9C /* SwingCoach.app */;
			productType = "com.apple.product-type.application";
		};
		9B7EC8B22EB6312F00BE1B9C /* SwingCoachTests */ = {
			isa = PBXNativeTarget;
			buildConfigurationList = 9B7EC8CA2EB6312F00BE1B9C /* Build configuration list for PBXNativeTarget "SwingCoachTests" */;
			buildPhases = (
				9B7EC8AF2EB6312F00BE1B9C /* Sources */,
				9B7EC8B02EB6312F00BE1B9C /* Frameworks */,
				9B7EC8B12EB6312F00BE1B9C /* Resources */,
			);
			buildRules = (
			);
			dependencies = (
				9B7EC8B52EB6312F00BE1B9C /* PBXTargetDependency */,
			);
			fileSystemSynchronizedGroups = (
				9B7EC8B62EB6312F00BE1B9C /* SwingCoachTests */,
			);
			name = SwingCoachTests;
			packageProductDependencies = (
			);
			productName = SwingCoachTests;
			productReference = 9B7EC8B32EB6312F00BE1B9C /* SwingCoachTests.xctest */;
			productType = "com.apple.product-type.bundle.unit-test";
		};
		9B7EC8BC2EB6312F00BE1B9C /* SwingCoachUITests */ = {
			isa = PBXNativeTarget;
			buildConfigurationList = 9B7EC8CD2EB6312F00BE1B9C /* Build configuration list for PBXNativeTarget "SwingCoachUITests" */;
			buildPhases = (
				9B7EC8B92EB6312F00BE1B9C /* Sources */,
				9B7EC8BA2EB6312F00BE1B9C /* Frameworks */,
				9B7EC8BB2EB6312F00BE1B9C /* Resources */,
			);
			buildRules = (
			);
			dependencies = (
				9B7EC8BF2EB6312F00BE1B9C /* PBXTargetDependency */,
			);
			fileSystemSynchronizedGroups = (
				9B7EC8C02EB6312F00BE1B9C /* SwingCoachUITests */,
			);
			name = SwingCoachUITests;
			packageProductDependencies = (
			);
			productName = SwingCoachUITests;
			productReference = 9B7EC8BD2EB6312F00BE1B9C /* SwingCoachUITests.xctest */;
			productType = "com.apple.product-type.bundle.ui-testing";
		};
/* End PBXNativeTarget section */

/* Begin PBXProject section */
		9B7EC89E2EB6312D00BE1B9C /* Project object */ = {
			isa = PBXProject;
			attributes = {
				BuildIndependentTargetsInParallel = 1;
				LastSwiftUpdateCheck = 2600;
				LastUpgradeCheck = 2600;
				TargetAttributes = {
					9B7EC8A52EB6312D00BE1B9C = {
						CreatedOnToolsVersion = 26.0.1;
					};
					9B7EC8B22EB6312F00BE1B9C = {
						CreatedOnToolsVersion = 26.0.1;
						TestTargetID = 9B7EC8A52EB6312D00BE1B9C;
					};
					9B7EC8BC2EB6312F00BE1B9C = {
						CreatedOnToolsVersion = 26.0.1;
						TestTargetID = 9B7EC8A52EB6312D00BE1B9C;
					};
				};
			};
			buildConfigurationList = 9B7EC8A12EB6312D00BE1B9C /* Build configuration list for PBXProject "SwingCoach" */;
			developmentRegion = en;
			hasScannedForEncodings = 0;
			knownRegions = (
				en,
				Base,
			);
			mainGroup = 9B7EC89D2EB6312D00BE1B9C;
			minimizedProjectReferenceProxies = 1;
			preferredProjectObjectVersion = 77;
			productRefGroup = 9B7EC8A72EB6312D00BE1B9C /* Products */;
			projectDirPath = "";
			projectRoot = "";
			targets = (
				9B7EC8A52EB6312D00BE1B9C /* SwingCoach */,
				9B7EC8B22EB6312F00BE1B9C /* SwingCoachTests */,
				9B7EC8BC2EB6312F00BE1B9C /* SwingCoachUITests */,
			);
		};
/* End PBXProject section */

/* Begin PBXResourcesBuildPhase section */
		9B7EC8A42EB6312D00BE1B9C /* Resources */ = {
			isa = PBXResourcesBuildPhase;
			buildActionMask = 2147483647;
			files = (
			);
			runOnlyForDeploymentPostprocessing = 0;
		};
		9B7EC8B12EB6312F00BE1B9C /* Resources */ = {
			isa = PBXResourcesBuildPhase;
			buildActionMask = 2147483647;
			files = (
			);
			runOnlyForDeploymentPostprocessing = 0;
		};
		9B7EC8BB2EB6312F00BE1B9C /* Resources */ = {
			isa = PBXResourcesBuildPhase;
			buildActionMask = 2147483647;
			files = (
			);
			runOnlyForDeploymentPostprocessing = 0;
		};
/* End PBXResourcesBuildPhase section */

/* Begin PBXSourcesBuildPhase section */
		9B7EC8A22EB6312D00BE1B9C /* Sources */ = {
			isa = PBXSourcesBuildPhase;
			buildActionMask = 2147483647;
			files = (
			);
			runOnlyForDeploymentPostprocessing = 0;
		};
		9B7EC8AF2EB6312F00BE1B9C /* Sources */ = {
			isa = PBXSourcesBuildPhase;
			buildActionMask = 2147483647;
			files = (
			);
			runOnlyForDeploymentPostprocessing = 0;
		};
		9B7EC8B92EB6312F00BE1B9C /* Sources */ = {
			isa = PBXSourcesBuildPhase;
			buildActionMask = 2147483647;
			files = (
			);
			runOnlyForDeploymentPostprocessing = 0;
		};
/* End PBXSourcesBuildPhase section */

/* Begin PBXTargetDependency section */
		9B7EC8B52EB6312F00BE1B9C /* PBXTargetDependency */ = {
			isa = PBXTargetDependency;
			target = 9B7EC8A52EB6312D00BE1B9C /* SwingCoach */;
			targetProxy = 9B7EC8B42EB6312F00BE1B9C /* PBXContainerItemProxy */;
		};
		9B7EC8BF2EB6312F00BE1B9C /* PBXTargetDependency */ = {
			isa = PBXTargetDependency;
			target = 9B7EC8A52EB6312D00BE1B9C /* SwingCoach */;
			targetProxy = 9B7EC8BE2EB6312F00BE1B9C /* PBXContainerItemProxy */;
		};
/* End PBXTargetDependency section */

/* Begin XCBuildConfiguration section */
		9B7EC8C52EB6312F00BE1B9C /* Debug */ = {
			isa = XCBuildConfiguration;
			buildSettings = {
				ALWAYS_SEARCH_USER_PATHS = NO;
				ASSETCATALOG_COMPILER_GENERATE_SWIFT_ASSET_SYMBOL_EXTENSIONS = YES;
				CLANG_ANALYZER_NONNULL = YES;
				CLANG_ANALYZER_NUMBER_OBJECT_CONVERSION = YES_AGGRESSIVE;
				CLANG_CXX_LANGUAGE_STANDARD = "gnu++20";
				CLANG_ENABLE_MODULES = YES;
				CLANG_ENABLE_OBJC_ARC = YES;
				CLANG_ENABLE_OBJC_WEAK = YES;
				CLANG_WARN_BLOCK_CAPTURE_AUTORELEASING = YES;
				CLANG_WARN_BOOL_CONVERSION = YES;
				CLANG_WARN_COMMA = YES;
				CLANG_WARN_CONSTANT_CONVERSION = YES;
				CLANG_WARN_DEPRECATED_OBJC_IMPLEMENTATIONS = YES;
				CLANG_WARN_DIRECT_OBJC_ISA_USAGE = YES_ERROR;
				CLANG_WARN_DOCUMENTATION_COMMENTS = YES;
				CLANG_WARN_EMPTY_BODY = YES;
				CLANG_WARN_ENUM_CONVERSION = YES;
				CLANG_WARN_INFINITE_RECURSION = YES;
				CLANG_WARN_INT_CONVERSION = YES;
				CLANG_WARN_NON_LITERAL_NULL_CONVERSION = YES;
				CLANG_WARN_OBJC_IMPLICIT_RETAIN_SELF = YES;
				CLANG_WARN_OBJC_LITERAL_CONVERSION = YES;
				CLANG_WARN_OBJC_ROOT_CLASS = YES_ERROR;
				CLANG_WARN_QUOTED_INCLUDE_IN_FRAMEWORK_HEADER = YES;
				CLANG_WARN_RANGE_LOOP_ANALYSIS = YES;
				CLANG_WARN_STRICT_PROTOTYPES = YES;
				CLANG_WARN_SUSPICIOUS_MOVE = YES;
				CLANG_WARN_UNGUARDED_AVAILABILITY = YES_AGGRESSIVE;
				CLANG_WARN_UNREACHABLE_CODE = YES;
				CLANG_WARN__DUPLICATE_METHOD_MATCH = YES;
				COPY_PHASE_STRIP = NO;
				DEBUG_INFORMATION_FORMAT = dwarf;
				ENABLE_STRICT_OBJC_MSGSEND = YES;
				ENABLE_TESTABILITY = YES;
				ENABLE_USER_SCRIPT_SANDBOXING = YES;
				GCC_C_LANGUAGE_STANDARD = gnu17;
				GCC_DYNAMIC_NO_PIC = NO;
				GCC_NO_COMMON_BLOCKS = YES;
				GCC_OPTIMIZATION_LEVEL = 0;
				GCC_PREPROCESSOR_DEFINITIONS = (
					"DEBUG=1",
					"$(inherited)",
				);
				GCC_WARN_64_TO_32_BIT_CONVERSION = YES;
				GCC_WARN_ABOUT_RETURN_TYPE = YES_ERROR;
				GCC_WARN_UNDECLARED_SELECTOR = YES;
				GCC_WARN_UNINITIALIZED_AUTOS = YES_AGGRESSIVE;
				GCC_WARN_UNUSED_FUNCTION = YES;
				GCC_WARN_UNUSED_VARIABLE = YES;
				IPHONEOS_DEPLOYMENT_TARGET = 26.0;
				LOCALIZATION_PREFERS_STRING_CATALOGS = YES;
				MTL_ENABLE_DEBUG_INFO = INCLUDE_SOURCE;
				MTL_FAST_MATH = YES;
				ONLY_ACTIVE_ARCH = YES;
				SDKROOT = iphoneos;
				SWIFT_ACTIVE_COMPILATION_CONDITIONS = "DEBUG $(inherited)";
				SWIFT_OPTIMIZATION_LEVEL = "-Onone";
			};
			name = Debug;
		};
		9B7EC8C62EB6312F00BE1B9C /* Release */ = {
			isa = XCBuildConfiguration;
			buildSettings = {
				ALWAYS_SEARCH_USER_PATHS = NO;
				ASSETCATALOG_COMPILER_GENERATE_SWIFT_ASSET_SYMBOL_EXTENSIONS = YES;
				CLANG_ANALYZER_NONNULL = YES;
				CLANG_ANALYZER_NUMBER_OBJECT_CONVERSION = YES_AGGRESSIVE;
				CLANG_CXX_LANGUAGE_STANDARD = "gnu++20";
				CLANG_ENABLE_MODULES = YES;
				CLANG_ENABLE_OBJC_ARC = YES;
				CLANG_ENABLE_OBJC_WEAK = YES;
				CLANG_WARN_BLOCK_CAPTURE_AUTORELEASING = YES;
				CLANG_WARN_BOOL_CONVERSION = YES;
				CLANG_WARN_COMMA = YES;
				CLANG_WARN_CONSTANT_CONVERSION = YES;
				CLANG_WARN_DEPRECATED_OBJC_IMPLEMENTATIONS = YES;
				CLANG_WARN_DIRECT_OBJC_ISA_USAGE = YES_ERROR;
				CLANG_WARN_DOCUMENTATION_COMMENTS = YES;
				CLANG_WARN_EMPTY_BODY = YES;
				CLANG_WARN_ENUM_CONVERSION = YES;
				CLANG_WARN_INFINITE_RECURSION = YES;
				CLANG_WARN_INT_CONVERSION = YES;
				CLANG_WARN_NON_LITERAL_NULL_CONVERSION = YES;
				CLANG_WARN_OBJC_IMPLICIT_RETAIN_SELF = YES;
				CLANG_WARN_OBJC_LITERAL_CONVERSION = YES;
				CLANG_WARN_OBJC_ROOT_CLASS = YES_ERROR;
				CLANG_WARN_QUOTED_INCLUDE_IN_FRAMEWORK_HEADER = YES;
				CLANG_WARN_RANGE_LOOP_ANALYSIS = YES;
				CLANG_WARN_STRICT_PROTOTYPES = YES;
				CLANG_WARN_SUSPICIOUS_MOVE = YES;
				CLANG_WARN_UNGUARDED_AVAILABILITY = YES_AGGRESSIVE;
				CLANG_WARN_UNREACHABLE_CODE = YES;
				CLANG_WARN__DUPLICATE_METHOD_MATCH = YES;
				COPY_PHASE_STRIP = NO;
				DEBUG_INFORMATION_FORMAT = "dwarf-with-dsym";
				ENABLE_NS_ASSERTIONS = NO;
				ENABLE_STRICT_OBJC_MSGSEND = YES;
				ENABLE_USER_SCRIPT_SANDBOXING = YES;
				GCC_C_LANGUAGE_STANDARD = gnu17;
				GCC_NO_COMMON_BLOCKS = YES;
				GCC_WARN_64_TO_32_BIT_CONVERSION = YES;
				GCC_WARN_ABOUT_RETURN_TYPE = YES_ERROR;
				GCC_WARN_UNDECLARED_SELECTOR = YES;
				GCC_WARN_UNINITIALIZED_AUTOS = YES_AGGRESSIVE;
				GCC_WARN_UNUSED_FUNCTION = YES;
				GCC_WARN_UNUSED_VARIABLE = YES;
				IPHONEOS_DEPLOYMENT_TARGET = 26.0;
				LOCALIZATION_PREFERS_STRING_CATALOGS = YES;
				MTL_ENABLE_DEBUG_INFO = NO;
				MTL_FAST_MATH = YES;
				SDKROOT = iphoneos;
				SWIFT_COMPILATION_MODE = wholemodule;
				VALIDATE_PRODUCT = YES;
			};
			name = Release;
		};
		9B7EC8C82EB6312F00BE1B9C /* Debug */ = {
			isa = XCBuildConfiguration;
			buildSettings = {
				ASSETCATALOG_COMPILER_APPICON_NAME = AppIcon;
				ASSETCATALOG_COMPILER_GLOBAL_ACCENT_COLOR_NAME = AccentColor;
				CODE_SIGN_STYLE = Automatic;
				CURRENT_PROJECT_VERSION = 1;
				ENABLE_PREVIEWS = YES;
				GENERATE_INFOPLIST_FILE = YES;
				INFOPLIST_KEY_UIApplicationSceneManifest_Generation = YES;
				INFOPLIST_KEY_UIApplicationSupportsIndirectInputEvents = YES;
				INFOPLIST_KEY_UILaunchScreen_Generation = YES;
				INFOPLIST_KEY_UISupportedInterfaceOrientations_iPad = "UIInterfaceOrientationPortrait UIInterfaceOrientationPortraitUpsideDown UIInterfaceOrientationLandscapeLeft UIInterfaceOrientationLandscapeRight";
				INFOPLIST_KEY_UISupportedInterfaceOrientations_iPhone = "UIInterfaceOrientationPortrait UIInterfaceOrientationLandscapeLeft UIInterfaceOrientationLandscapeRight";
				LD_RUNPATH_SEARCH_PATHS = (
					"$(inherited)",
					"@executable_path/Frameworks",
				);
				MARKETING_VERSION = 1.0;
				PRODUCT_BUNDLE_IDENTIFIER = Pear.ai.SwingCoach;
				PRODUCT_NAME = "$(TARGET_NAME)";
				STRING_CATALOG_GENERATE_SYMBOLS = YES;
				SWIFT_APPROACHABLE_CONCURRENCY = YES;
				SWIFT_DEFAULT_ACTOR_ISOLATION = MainActor;
				SWIFT_EMIT_LOC_STRINGS = YES;
				SWIFT_UPCOMING_FEATURE_MEMBER_IMPORT_VISIBILITY = YES;
				SWIFT_VERSION = 5.0;
				TARGETED_DEVICE_FAMILY = "1,2";
			};
			name = Debug;
		};
		9B7EC8C92EB6312F00BE1B9C /* Release */ = {
			isa = XCBuildConfiguration;
			buildSettings = {
				ASSETCATALOG_COMPILER_APPICON_NAME = AppIcon;
				ASSETCATALOG_COMPILER_GLOBAL_ACCENT_COLOR_NAME = AccentColor;
				CODE_SIGN_STYLE = Automatic;
				CURRENT_PROJECT_VERSION = 1;
				ENABLE_PREVIEWS = YES;
				GENERATE_INFOPLIST_FILE = YES;
				INFOPLIST_KEY_UIApplicationSceneManifest_Generation = YES;
				INFOPLIST_KEY_UIApplicationSupportsIndirectInputEvents = YES;
				INFOPLIST_KEY_UILaunchScreen_Generation = YES;
				INFOPLIST_KEY_UISupportedInterfaceOrientations_iPad = "UIInterfaceOrientationPortrait UIInterfaceOrientationPortraitUpsideDown UIInterfaceOrientationLandscapeLeft UIInterfaceOrientationLandscapeRight";
				INFOPLIST_KEY_UISupportedInterfaceOrientations_iPhone = "UIInterfaceOrientationPortrait UIInterfaceOrientationLandscapeLeft UIInterfaceOrientationLandscapeRight";
				LD_RUNPATH_SEARCH_PATHS = (
					"$(inherited)",
					"@executable_path/Frameworks",
				);
				MARKETING_VERSION = 1.0;
				PRODUCT_BUNDLE_IDENTIFIER = Pear.ai.SwingCoach;
				PRODUCT_NAME = "$(TARGET_NAME)";
				STRING_CATALOG_GENERATE_SYMBOLS = YES;
				SWIFT_APPROACHABLE_CONCURRENCY = YES;
				SWIFT_DEFAULT_ACTOR_ISOLATION = MainActor;
				SWIFT_EMIT_LOC_STRINGS = YES;
				SWIFT_UPCOMING_FEATURE_MEMBER_IMPORT_VISIBILITY = YES;
				SWIFT_VERSION = 5.0;
				TARGETED_DEVICE_FAMILY = "1,2";
			};
			name = Release;
		};
		9B7EC8CB2EB6312F00BE1B9C /* Debug */ = {
			isa = XCBuildConfiguration;
			buildSettings = {
				BUNDLE_LOADER = "$(TEST_HOST)";
				CODE_SIGN_STYLE = Automatic;
				CURRENT_PROJECT_VERSION = 1;
				GENERATE_INFOPLIST_FILE = YES;
				IPHONEOS_DEPLOYMENT_TARGET = 26.0;
				MARKETING_VERSION = 1.0;
				PRODUCT_BUNDLE_IDENTIFIER = Pear.ai.SwingCoachTests;
				PRODUCT_NAME = "$(TARGET_NAME)";
				STRING_CATALOG_GENERATE_SYMBOLS = NO;
				SWIFT_APPROACHABLE_CONCURRENCY = YES;
				SWIFT_EMIT_LOC_STRINGS = NO;
				SWIFT_UPCOMING_FEATURE_MEMBER_IMPORT_VISIBILITY = YES;
				SWIFT_VERSION = 5.0;
				TARGETED_DEVICE_FAMILY = "1,2";
				TEST_HOST = "$(BUILT_PRODUCTS_DIR)/SwingCoach.app/$(BUNDLE_EXECUTABLE_FOLDER_PATH)/SwingCoach";
			};
			name = Debug;
		};
		9B7EC8CC2EB6312F00BE1B9C /* Release */ = {
			isa = XCBuildConfiguration;
			buildSettings = {
				BUNDLE_LOADER = "$(TEST_HOST)";
				CODE_SIGN_STYLE = Automatic;
				CURRENT_PROJECT_VERSION = 1;
				GENERATE_INFOPLIST_FILE = YES;
				IPHONEOS_DEPLOYMENT_TARGET = 26.0;
				MARKETING_VERSION = 1.0;
				PRODUCT_BUNDLE_IDENTIFIER = Pear.ai.SwingCoachTests;
				PRODUCT_NAME = "$(TARGET_NAME)";
				STRING_CATALOG_GENERATE_SYMBOLS = NO;
				SWIFT_APPROACHABLE_CONCURRENCY = YES;
				SWIFT_EMIT_LOC_STRINGS = NO;
				SWIFT_UPCOMING_FEATURE_MEMBER_IMPORT_VISIBILITY = YES;
				SWIFT_VERSION = 5.0;
				TARGETED_DEVICE_FAMILY = "1,2";
				TEST_HOST = "$(BUILT_PRODUCTS_DIR)/SwingCoach.app/$(BUNDLE_EXECUTABLE_FOLDER_PATH)/SwingCoach";
			};
			name = Release;
		};
		9B7EC8CE2EB6312F00BE1B9C /* Debug */ = {
			isa = XCBuildConfiguration;
			buildSettings = {
				CODE_SIGN_STYLE = Automatic;
				CURRENT_PROJECT_VERSION = 1;
				GENERATE_INFOPLIST_FILE = YES;
				MARKETING_VERSION = 1.0;
				PRODUCT_BUNDLE_IDENTIFIER = Pear.ai.SwingCoachUITests;
				PRODUCT_NAME = "$(TARGET_NAME)";
				STRING_CATALOG_GENERATE_SYMBOLS = NO;
				SWIFT_APPROACHABLE_CONCURRENCY = YES;
				SWIFT_EMIT_LOC_STRINGS = NO;
				SWIFT_UPCOMING_FEATURE_MEMBER_IMPORT_VISIBILITY = YES;
				SWIFT_VERSION = 5.0;
				TARGETED_DEVICE_FAMILY = "1,2";
				TEST_TARGET_NAME = SwingCoach;
			};
			name = Debug;
		};
		9B7EC8CF2EB6312F00BE1B9C /* Release */ = {
			isa = XCBuildConfiguration;
			buildSettings = {
				CODE_SIGN_STYLE = Automatic;
				CURRENT_PROJECT_VERSION = 1;
				GENERATE_INFOPLIST_FILE = YES;
				MARKETING_VERSION = 1.0;
				PRODUCT_BUNDLE_IDENTIFIER = Pear.ai.SwingCoachUITests;
				PRODUCT_NAME = "$(TARGET_NAME)";
				STRING_CATALOG_GENERATE_SYMBOLS = NO;
				SWIFT_APPROACHABLE_CONCURRENCY = YES;
				SWIFT_EMIT_LOC_STRINGS = NO;
				SWIFT_UPCOMING_FEATURE_MEMBER_IMPORT_VISIBILITY = YES;
				SWIFT_VERSION = 5.0;
				TARGETED_DEVICE_FAMILY = "1,2";
				TEST_TARGET_NAME = SwingCoach;
			};
			name = Release;
		};
/* End XCBuildConfiguration section */

/* Begin XCConfigurationList section */
		9B7EC8A12EB6312D00BE1B9C /* Build configuration list for PBXProject "SwingCoach" */ = {
			isa = XCConfigurationList;
			buildConfigurations = (
				9B7EC8C52EB6312F00BE1B9C /* Debug */,
				9B7EC8C62EB6312F00BE1B9C /* Release */,
			);
			defaultConfigurationIsVisible = 0;
			defaultConfigurationName = Release;
		};
		9B7EC8C72EB6312F00BE1B9C /* Build configuration list for PBXNativeTarget "SwingCoach" */ = {
			isa = XCConfigurationList;
			buildConfigurations = (
				9B7EC8C82EB6312F00BE1B9C /* Debug */,
				9B7EC8C92EB6312F00BE1B9C /* Release */,
			);
			defaultConfigurationIsVisible = 0;
			defaultConfigurationName = Release;
		};
		9B7EC8CA2EB6312F00BE1B9C /* Build configuration list for PBXNativeTarget "SwingCoachTests" */ = {
			isa = XCConfigurationList;
			buildConfigurations = (
				9B7EC8CB2EB6312F00BE1B9C /* Debug */,
				9B7EC8CC2EB6312F00BE1B9C /* Release */,
			);
			defaultConfigurationIsVisible = 0;
			defaultConfigurationName = Release;
		};
		9B7EC8CD2EB6312F00BE1B9C /* Build configuration list for PBXNativeTarget "SwingCoachUITests" */ = {
			isa = XCConfigurationList;
			buildConfigurations = (
				9B7EC8CE2EB6312F00BE1B9C /* Debug */,
				9B7EC8CF2EB6312F00BE1B9C /* Release */,
			);
			defaultConfigurationIsVisible = 0;
			defaultConfigurationName = Release;
		};
/* End XCConfigurationList section */
	};
	rootObject = 9B7EC89E2EB6312D00BE1B9C /* Project object */;
}
